
Microsoft Visual Studio Solution File, Format Version 12.00
# Visual Studio 15
VisualStudioVersion = 15.0.28307.539
MinimumVisualStudioVersion = 10.0.40219.1
Project("{FAE04EC0-301F-11D3-BF4B-00C04F79EFBC}") = "CsharpDemo", "CsharpDemo.csproj", "{F1F8E49C-2462-46C5-83C0-41BDE7231DA8}"
EndProject
Global
	GlobalSection(SolutionConfigurationPlatforms) = preSolution
		Debug|Any CPU = Debug|Any CPU
		Release|Any CPU = Release|Any CPU
	EndGlobalSection
	GlobalSection(ProjectConfigurationPlatforms) = postSolution
		{F1F8E49C-2462-46C5-83C0-41BDE7231DA8}.Debug|Any CPU.ActiveCfg = Debug|Any CPU
		{F1F8E49C-2462-46C5-83C0-41BDE7231DA8}.Debug|Any CPU.Build.0 = Debug|Any CPU
		{F1F8E49C-2462-46C5-83C0-41BDE7231DA8}.Release|Any CPU.ActiveCfg = Release|Any CPU
		{F1F8E49C-2462-46C5-83C0-41BDE7231DA8}.Release|Any CPU.Build.0 = Release|Any CPU
	EndGlobalSection
	GlobalSection(SolutionProperties) = preSolution
		HideSolutionNode = FALSE
	EndGlobalSection
	GlobalSection(ExtensibilityGlobals) = postSolution
		SolutionGuid = {2FC98FB6-B8E0-48D2-AF4C-1DC48137C389}
	EndGlobalSection
EndGlobal
